
Microsoft Visual Studio Solution File, Format Version 12.00
# Visual Studio Version 17
VisualStudioVersion = 17.0.31903.59
MinimumVisualStudioVersion = 10.0.40219.1
Project("{FAE04EC0-301F-11D3-BF4B-00C04F79EFBC}") = "ConApp", "ConApp\ConApp.csproj", "{3DDADEFE-8C4C-4C93-A5A9-6F388A87D616}"
EndProject
Project("{FAE04EC0-301F-11D3-BF4B-00C04F79EFBC}") = "WebApiMin", "WebApiMin\WebApiMin.csproj", "{C5063674-ABF4-4A1F-BD78-8851F29511F2}"
EndProject
Project("{FAE04EC0-301F-11D3-BF4B-00C04F79EFBC}") = "WebApi", "WebApi\WebApi.csproj", "{CA37A050-B696-48FB-9716-ABEDBFBC784F}"
EndProject
Global
	GlobalSection(SolutionConfigurationPlatforms) = preSolution
		Debug|Any CPU = Debug|Any CPU
		Release|Any CPU = Release|Any CPU
	EndGlobalSection
	GlobalSection(ProjectConfigurationPlatforms) = postSolution
		{3DDADEFE-8C4C-4C93-A5A9-6F388A87D616}.Debug|Any CPU.ActiveCfg = Debug|Any CPU
		{3DDADEFE-8C4C-4C93-A5A9-6F388A87D616}.Debug|Any CPU.Build.0 = Debug|Any CPU
		{3DDADEFE-8C4C-4C93-A5A9-6F388A87D616}.Release|Any CPU.ActiveCfg = Release|Any CPU
		{3DDADEFE-8C4C-4C93-A5A9-6F388A87D616}.Release|Any CPU.Build.0 = Release|Any CPU
		{C5063674-ABF4-4A1F-BD78-8851F29511F2}.Debug|Any CPU.ActiveCfg = Debug|Any CPU
		{C5063674-ABF4-4A1F-BD78-8851F29511F2}.Debug|Any CPU.Build.0 = Debug|Any CPU
		{C5063674-ABF4-4A1F-BD78-8851F29511F2}.Release|Any CPU.ActiveCfg = Release|Any CPU
		{C5063674-ABF4-4A1F-BD78-8851F29511F2}.Release|Any CPU.Build.0 = Release|Any CPU
		{CA37A050-B696-48FB-9716-ABEDBFBC784F}.Debug|Any CPU.ActiveCfg = Debug|Any CPU
		{CA37A050-B696-48FB-9716-ABEDBFBC784F}.Debug|Any CPU.Build.0 = Debug|Any CPU
		{CA37A050-B696-48FB-9716-ABEDBFBC784F}.Release|Any CPU.ActiveCfg = Release|Any CPU
		{CA37A050-B696-48FB-9716-ABEDBFBC784F}.Release|Any CPU.Build.0 = Release|Any CPU
	EndGlobalSection
	GlobalSection(SolutionProperties) = preSolution
		HideSolutionNode = FALSE
	EndGlobalSection
	GlobalSection(ExtensibilityGlobals) = postSolution
		SolutionGuid = {D9AEA14D-8DB7-4F02-BCB6-79D29E4BFE07}
	EndGlobalSection
EndGlobal
